// !$*UTF8*$!
{
	archiveVersion = 1;
	classes = {
	};
	objectVersion = 50;
	objects = {

/* Begin PBXBuildFile section */
		B17FBE0B24137F7C0004E417 /* PlanViewController.swift in Sources */ = {isa = PBXBuildFile; fileRef = B17FBE0A24137F7C0004E417 /* PlanViewController.swift */; };
		B17FBE0D241381DC0004E417 /* PlanAddViewController.swift in Sources */ = {isa = PBXBuildFile; fileRef = B17FBE0C241381DC0004E417 /* PlanAddViewController.swift */; };
		B17FBE0F2413864C0004E417 /* PlanInfo.swift in Sources */ = {isa = PBXBuildFile; fileRef = B17FBE0E2413864C0004E417 /* PlanInfo.swift */; };
		B17FBE1124139F870004E417 /* bg-005.jpg in Resources */ = {isa = PBXBuildFile; fileRef = B17FBE1024139F870004E417 /* bg-005.jpg */; };
		B18157EA241299DA0049B61A /* bg-004.jpg in Resources */ = {isa = PBXBuildFile; fileRef = B18157E9241299DA0049B61A /* bg-004.jpg */; };
		B1E82965241103530087DC36 /* bg-001.jpg in Resources */ = {isa = PBXBuildFile; fileRef = B1E82964241103530087DC36 /* bg-001.jpg */; };
		B1E8296724110DA70087DC36 /* PlanButton.swift in Sources */ = {isa = PBXBuildFile; fileRef = B1E8296624110DA70087DC36 /* PlanButton.swift */; };
		B1E8296A241114F60087DC36 /* bg-002.jpg in Resources */ = {isa = PBXBuildFile; fileRef = B1E82968241114F60087DC36 /* bg-002.jpg */; };
		B1E8296B241114F60087DC36 /* bg-003.jpg in Resources */ = {isa = PBXBuildFile; fileRef = B1E82969241114F60087DC36 /* bg-003.jpg */; };
		B1E9DBDB240FCAAF005E07DD /* AppDelegate.swift in Sources */ = {isa = PBXBuildFile; fileRef = B1E9DBDA240FCAAF005E07DD /* AppDelegate.swift */; };
		B1E9DBDD240FCAAF005E07DD /* SceneDelegate.swift in Sources */ = {isa = PBXBuildFile; fileRef = B1E9DBDC240FCAAF005E07DD /* SceneDelegate.swift */; };
		B1E9DBDF240FCAAF005E07DD /* ViewController.swift in Sources */ = {isa = PBXBuildFile; fileRef = B1E9DBDE240FCAAF005E07DD /* ViewController.swift */; };
		B1E9DBE2240FCAAF005E07DD /* Main.storyboard in Resources */ = {isa = PBXBuildFile; fileRef = B1E9DBE0240FCAAF005E07DD /* Main.storyboard */; };
		B1E9DBE4240FCAB0005E07DD /* Assets.xcassets in Resources */ = {isa = PBXBuildFile; fileRef = B1E9DBE3240FCAB0005E07DD /* Assets.xcassets */; };
		B1E9DBE7240FCAB0005E07DD /* LaunchScreen.storyboard in Resources */ = {isa = PBXBuildFile; fileRef = B1E9DBE5240FCAB0005E07DD /* LaunchScreen.storyboard */; };
/* End PBXBuildFile section */

/* Begin PBXFileReference section */
		B17FBE0A24137F7C0004E417 /* PlanViewController.swift */ = {isa = PBXFileReference; lastKnownFileType = sourcecode.swift; path = PlanViewController.swift; sourceTree = "<group>"; };
		B17FBE0C241381DC0004E417 /* PlanAddViewController.swift */ = {isa = PBXFileReference; lastKnownFileType = sourcecode.swift; path = PlanAddViewController.swift; sourceTree = "<group>"; };
		B17FBE0E2413864C0004E417 /* PlanInfo.swift */ = {isa = PBXFileReference; lastKnownFileType = sourcecode.swift; path = PlanInfo.swift; sourceTree = "<group>"; };
		B17FBE1024139F870004E417 /* bg-005.jpg */ = {isa = PBXFileReference; lastKnownFileType = image.jpeg; path = "bg-005.jpg"; sourceTree = "<group>"; };
		B18157E9241299DA0049B61A /* bg-004.jpg */ = {isa = PBXFileReference; lastKnownFileType = image.jpeg; path = "bg-004.jpg"; sourceTree = "<group>"; };
		B1E82964241103530087DC36 /* bg-001.jpg */ = {isa = PBXFileReference; lastKnownFileType = image.jpeg; path = "bg-001.jpg"; sourceTree = "<group>"; };
		B1E8296624110DA70087DC36 /* PlanButton.swift */ = {isa = PBXFileReference; lastKnownFileType = sourcecode.swift; path = PlanButton.swift; sourceTree = "<group>"; };
		B1E82968241114F60087DC36 /* bg-002.jpg */ = {isa = PBXFileReference; lastKnownFileType = image.jpeg; path = "bg-002.jpg"; sourceTree = "<group>"; };
		B1E82969241114F60087DC36 /* bg-003.jpg */ = {isa = PBXFileReference; lastKnownFileType = image.jpeg; path = "bg-003.jpg"; sourceTree = "<group>"; };
		B1E9DBD7240FCAAF005E07DD /* Prepare.app */ = {isa = PBXFileReference; explicitFileType = wrapper.application; includeInIndex = 0; path = Prepare.app; sourceTree = BUILT_PRODUCTS_DIR; };
		B1E9DBDA240FCAAF005E07DD /* AppDelegate.swift */ = {isa = PBXFileReference; lastKnownFileType = sourcecode.swift; path = AppDelegate.swift; sourceTree = "<group>"; };
		B1E9DBDC240FCAAF005E07DD /* SceneDelegate.swift */ = {isa = PBXFileReference; lastKnownFileType = sourcecode.swift; path = SceneDelegate.swift; sourceTree = "<group>"; };
		B1E9DBDE240FCAAF005E07DD /* ViewController.swift */ = {isa = PBXFileReference; lastKnownFileType = sourcecode.swift; path = ViewController.swift; sourceTree = "<group>"; };
		B1E9DBE1240FCAAF005E07DD /* Base */ = {isa = PBXFileReference; lastKnownFileType = file.storyboard; name = Base; path = Base.lproj/Main.storyboard; sourceTree = "<group>"; };
		B1E9DBE3240FCAB0005E07DD /* Assets.xcassets */ = {isa = PBXFileReference; lastKnownFileType = folder.assetcatalog; path = Assets.xcassets; sourceTree = "<group>"; };
		B1E9DBE6240FCAB0005E07DD /* Base */ = {isa = PBXFileReference; lastKnownFileType = file.storyboard; name = Base; path = Base.lproj/LaunchScreen.storyboard; sourceTree = "<group>"; };
		B1E9DBE8240FCAB0005E07DD /* Info.plist */ = {isa = PBXFileReference; lastKnownFileType = text.plist.xml; path = Info.plist; sourceTree = "<group>"; };
/* End PBXFileReference section */

/* Begin PBXFrameworksBuildPhase section */
		B1E9DBD4240FCAAF005E07DD /* Frameworks */ = {
			isa = PBXFrameworksBuildPhase;
			buildActionMask = 2147483647;
			files = (
			);
			runOnlyForDeploymentPostprocessing = 0;
		};
/* End PBXFrameworksBuildPhase section */

/* Begin PBXGroup section */
		B1B2C90E240FCE3700B0B4B1 /* Images */ = {
			isa = PBXGroup;
			children = (
				B1E82964241103530087DC36 /* bg-001.jpg */,
				B1E82968241114F60087DC36 /* bg-002.jpg */,
				B1E82969241114F60087DC36 /* bg-003.jpg */,
				B18157E9241299DA0049B61A /* bg-004.jpg */,
				B17FBE1024139F870004E417 /* bg-005.jpg */,
			);
			path = Images;
			sourceTree = "<group>";
		};
		B1E9DBCE240FCAAF005E07DD = {
			isa = PBXGroup;
			children = (
				B1E9DBD9240FCAAF005E07DD /* Prepare */,
				B1E9DBD8240FCAAF005E07DD /* Products */,
			);
			sourceTree = "<group>";
		};
		B1E9DBD8240FCAAF005E07DD /* Products */ = {
			isa = PBXGroup;
			children = (
				B1E9DBD7240FCAAF005E07DD /* Prepare.app */,
			);
			name = Products;
			sourceTree = "<group>";
		};
		B1E9DBD9240FCAAF005E07DD /* Prepare */ = {
			isa = PBXGroup;
			children = (
				B1B2C90E240FCE3700B0B4B1 /* Images */,
				B1E9DBDA240FCAAF005E07DD /* AppDelegate.swift */,
				B1E9DBDC240FCAAF005E07DD /* SceneDelegate.swift */,
				B1E9DBDE240FCAAF005E07DD /* ViewController.swift */,
				B1E9DBE0240FCAAF005E07DD /* Main.storyboard */,
				B1E9DBE3240FCAB0005E07DD /* Assets.xcassets */,
				B1E9DBE5240FCAB0005E07DD /* LaunchScreen.storyboard */,
				B1E9DBE8240FCAB0005E07DD /* Info.plist */,
				B1E8296624110DA70087DC36 /* PlanButton.swift */,
				B17FBE0A24137F7C0004E417 /* PlanViewController.swift */,
				B17FBE0C241381DC0004E417 /* PlanAddViewController.swift */,
				B17FBE0E2413864C0004E417 /* PlanInfo.swift */,
			);
			path = Prepare;
			sourceTree = "<group>";
		};
/* End PBXGroup section */

/* Begin PBXNativeTarget section */
		B1E9DBD6240FCAAF005E07DD /* Prepare */ = {
			isa = PBXNativeTarget;
			buildConfigurationList = B1E9DBEB240FCAB0005E07DD /* Build configuration list for PBXNativeTarget "Prepare" */;
			buildPhases = (
				B1E9DBD3240FCAAF005E07DD /* Sources */,
				B1E9DBD4240FCAAF005E07DD /* Frameworks */,
				B1E9DBD5240FCAAF005E07DD /* Resources */,
			);
			buildRules = (
			);
			dependencies = (
			);
			name = Prepare;
			productName = Prepare;
			productReference = B1E9DBD7240FCAAF005E07DD /* Prepare.app */;
			productType = "com.apple.product-type.application";
		};
/* End PBXNativeTarget section */

/* Begin PBXProject section */
		B1E9DBCF240FCAAF005E07DD /* Project object */ = {
			isa = PBXProject;
			attributes = {
				LastSwiftUpdateCheck = 1130;
				LastUpgradeCheck = 1130;
				ORGANIZATIONNAME = "Bokeun Jeong";
				TargetAttributes = {
					B1E9DBD6240FCAAF005E07DD = {
						CreatedOnToolsVersion = 11.3.1;
					};
				};
			};
			buildConfigurationList = B1E9DBD2240FCAAF005E07DD /* Build configuration list for PBXProject "Prepare" */;
			compatibilityVersion = "Xcode 9.3";
			developmentRegion = en;
			hasScannedForEncodings = 0;
			knownRegions = (
				en,
				Base,
			);
			mainGroup = B1E9DBCE240FCAAF005E07DD;
			productRefGroup = B1E9DBD8240FCAAF005E07DD /* Products */;
			projectDirPath = "";
			projectRoot = "";
			targets = (
				B1E9DBD6240FCAAF005E07DD /* Prepare */,
			);
		};
/* End PBXProject section */

/* Begin PBXResourcesBuildPhase section */
		B1E9DBD5240FCAAF005E07DD /* Resources */ = {
			isa = PBXResourcesBuildPhase;
			buildActionMask = 2147483647;
			files = (
				B1E8296A241114F60087DC36 /* bg-002.jpg in Resources */,
				B1E82965241103530087DC36 /* bg-001.jpg in Resources */,
				B1E8296B241114F60087DC36 /* bg-003.jpg in Resources */,
				B18157EA241299DA0049B61A /* bg-004.jpg in Resources */,
				B17FBE1124139F870004E417 /* bg-005.jpg in Resources */,
				B1E9DBE7240FCAB0005E07DD /* LaunchScreen.storyboard in Resources */,
				B1E9DBE4240FCAB0005E07DD /* Assets.xcassets in Resources */,
				B1E9DBE2240FCAAF005E07DD /* Main.storyboard in Resources */,
			);
			runOnlyForDeploymentPostprocessing = 0;
		};
/* End PBXResourcesBuildPhase section */

/* Begin PBXSourcesBuildPhase section */
		B1E9DBD3240FCAAF005E07DD /* Sources */ = {
			isa = PBXSourcesBuildPhase;
			buildActionMask = 2147483647;
			files = (
				B1E9DBDF240FCAAF005E07DD /* ViewController.swift in Sources */,
				B17FBE0B24137F7C0004E417 /* PlanViewController.swift in Sources */,
				B1E9DBDB240FCAAF005E07DD /* AppDelegate.swift in Sources */,
				B17FBE0D241381DC0004E417 /* PlanAddViewController.swift in Sources */,
				B1E8296724110DA70087DC36 /* PlanButton.swift in Sources */,
				B1E9DBDD240FCAAF005E07DD /* SceneDelegate.swift in Sources */,
				B17FBE0F2413864C0004E417 /* PlanInfo.swift in Sources */,
			);
			runOnlyForDeploymentPostprocessing = 0;
		};
/* End PBXSourcesBuildPhase section */

/* Begin PBXVariantGroup section */
		B1E9DBE0240FCAAF005E07DD /* Main.storyboard */ = {
			isa = PBXVariantGroup;
			children = (
				B1E9DBE1240FCAAF005E07DD /* Base */,
			);
			name = Main.storyboard;
			sourceTree = "<group>";
		};
		B1E9DBE5240FCAB0005E07DD /* LaunchScreen.storyboard */ = {
			isa = PBXVariantGroup;
			children = (
				B1E9DBE6240FCAB0005E07DD /* Base */,
			);
			name = LaunchScreen.storyboard;
			sourceTree = "<group>";
		};
/* End PBXVariantGroup section */

/* Begin XCBuildConfiguration section */
		B1E9DBE9240FCAB0005E07DD /* Debug */ = {
			isa = XCBuildConfiguration;
			buildSettings = {
				ALWAYS_SEARCH_USER_PATHS = NO;
				CLANG_ANALYZER_NONNULL = YES;
				CLANG_ANALYZER_NUMBER_OBJECT_CONVERSION = YES_AGGRESSIVE;
				CLANG_CXX_LANGUAGE_STANDARD = "gnu++14";
				CLANG_CXX_LIBRARY = "libc++";
				CLANG_ENABLE_MODULES = YES;
				CLANG_ENABLE_OBJC_ARC = YES;
				CLANG_ENABLE_OBJC_WEAK = YES;
				CLANG_WARN_BLOCK_CAPTURE_AUTORELEASING = YES;
				CLANG_WARN_BOOL_CONVERSION = YES;
				CLANG_WARN_COMMA = YES;
				CLANG_WARN_CONSTANT_CONVERSION = YES;
				CLANG_WARN_DEPRECATED_OBJC_IMPLEMENTATIONS = YES;
				CLANG_WARN_DIRECT_OBJC_ISA_USAGE = YES_ERROR;
				CLANG_WARN_DOCUMENTATION_COMMENTS = YES;
				CLANG_WARN_EMPTY_BODY = YES;
				CLANG_WARN_ENUM_CONVERSION = YES;
				CLANG_WARN_INFINITE_RECURSION = YES;
				CLANG_WARN_INT_CONVERSION = YES;
				CLANG_WARN_NON_LITERAL_NULL_CONVERSION = YES;
				CLANG_WARN_OBJC_IMPLICIT_RETAIN_SELF = YES;
				CLANG_WARN_OBJC_LITERAL_CONVERSION = YES;
				CLANG_WARN_OBJC_ROOT_CLASS = YES_ERROR;
				CLANG_WARN_RANGE_LOOP_ANALYSIS = YES;
				CLANG_WARN_STRICT_PROTOTYPES = YES;
				CLANG_WARN_SUSPICIOUS_MOVE = YES;
				CLANG_WARN_UNGUARDED_AVAILABILITY = YES_AGGRESSIVE;
				CLANG_WARN_UNREACHABLE_CODE = YES;
				CLANG_WARN__DUPLICATE_METHOD_MATCH = YES;
				COPY_PHASE_STRIP = NO;
				DEBUG_INFORMATION_FORMAT = dwarf;
				ENABLE_STRICT_OBJC_MSGSEND = YES;
				ENABLE_TESTABILITY = YES;
				GCC_C_LANGUAGE_STANDARD = gnu11;
				GCC_DYNAMIC_NO_PIC = NO;
				GCC_NO_COMMON_BLOCKS = YES;
				GCC_OPTIMIZATION_LEVEL = 0;
				GCC_PREPROCESSOR_DEFINITIONS = (
					"DEBUG=1",
					"$(inherited)",
				);
				GCC_WARN_64_TO_32_BIT_CONVERSION = YES;
				GCC_WARN_ABOUT_RETURN_TYPE = YES_ERROR;
				GCC_WARN_UNDECLARED_SELECTOR = YES;
				GCC_WARN_UNINITIALIZED_AUTOS = YES_AGGRESSIVE;
				GCC_WARN_UNUSED_FUNCTION = YES;
				GCC_WARN_UNUSED_VARIABLE = YES;
				IPHONEOS_DEPLOYMENT_TARGET = 13.2;
				MTL_ENABLE_DEBUG_INFO = INCLUDE_SOURCE;
				MTL_FAST_MATH = YES;
				ONLY_ACTIVE_ARCH = YES;
				SDKROOT = iphoneos;
				SWIFT_ACTIVE_COMPILATION_CONDITIONS = DEBUG;
				SWIFT_OPTIMIZATION_LEVEL = "-Onone";
			};
			name = Debug;
		};
		B1E9DBEA240FCAB0005E07DD /* Release */ = {
			isa = XCBuildConfiguration;
			buildSettings = {
				ALWAYS_SEARCH_USER_PATHS = NO;
				CLANG_ANALYZER_NONNULL = YES;
				CLANG_ANALYZER_NUMBER_OBJECT_CONVERSION = YES_AGGRESSIVE;
				CLANG_CXX_LANGUAGE_STANDARD = "gnu++14";
				CLANG_CXX_LIBRARY = "libc++";
				CLANG_ENABLE_MODULES = YES;
				CLANG_ENABLE_OBJC_ARC = YES;
				CLANG_ENABLE_OBJC_WEAK = YES;
				CLANG_WARN_BLOCK_CAPTURE_AUTORELEASING = YES;
				CLANG_WARN_BOOL_CONVERSION = YES;
				CLANG_WARN_COMMA = YES;
				CLANG_WARN_CONSTANT_CONVERSION = YES;
				CLANG_WARN_DEPRECATED_OBJC_IMPLEMENTATIONS = YES;
				CLANG_WARN_DIRECT_OBJC_ISA_USAGE = YES_ERROR;
				CLANG_WARN_DOCUMENTATION_COMMENTS = YES;
				CLANG_WARN_EMPTY_BODY = YES;
				CLANG_WARN_ENUM_CONVERSION = YES;
				CLANG_WARN_INFINITE_RECURSION = YES;
				CLANG_WARN_INT_CONVERSION = YES;
				CLANG_WARN_NON_LITERAL_NULL_CONVERSION = YES;
				CLANG_WARN_OBJC_IMPLICIT_RETAIN_SELF = YES;
				CLANG_WARN_OBJC_LITERAL_CONVERSION = YES;
				CLANG_WARN_OBJC_ROOT_CLASS = YES_ERROR;
				CLANG_WARN_RANGE_LOOP_ANALYSIS = YES;
				CLANG_WARN_STRICT_PROTOTYPES = YES;
				CLANG_WARN_SUSPICIOUS_MOVE = YES;
				CLANG_WARN_UNGUARDED_AVAILABILITY = YES_AGGRESSIVE;
				CLANG_WARN_UNREACHABLE_CODE = YES;
				CLANG_WARN__DUPLICATE_METHOD_MATCH = YES;
				COPY_PHASE_STRIP = NO;
				DEBUG_INFORMATION_FORMAT = "dwarf-with-dsym";
				ENABLE_NS_ASSERTIONS = NO;
				ENABLE_STRICT_OBJC_MSGSEND = YES;
				GCC_C_LANGUAGE_STANDARD = gnu11;
				GCC_NO_COMMON_BLOCKS = YES;
				GCC_WARN_64_TO_32_BIT_CONVERSION = YES;
				GCC_WARN_ABOUT_RETURN_TYPE = YES_ERROR;
				GCC_WARN_UNDECLARED_SELECTOR = YES;
				GCC_WARN_UNINITIALIZED_AUTOS = YES_AGGRESSIVE;
				GCC_WARN_UNUSED_FUNCTION = YES;
				GCC_WARN_UNUSED_VARIABLE = YES;
				IPHONEOS_DEPLOYMENT_TARGET = 13.2;
				MTL_ENABLE_DEBUG_INFO = NO;
				MTL_FAST_MATH = YES;
				SDKROOT = iphoneos;
				SWIFT_COMPILATION_MODE = wholemodule;
				SWIFT_OPTIMIZATION_LEVEL = "-O";
				VALIDATE_PRODUCT = YES;
			};
			name = Release;
		};
		B1E9DBEC240FCAB0005E07DD /* Debug */ = {
			isa = XCBuildConfiguration;
			buildSettings = {
				ASSETCATALOG_COMPILER_APPICON_NAME = AppIcon;
				CODE_SIGN_STYLE = Automatic;
				INFOPLIST_FILE = Prepare/Info.plist;
				LD_RUNPATH_SEARCH_PATHS = (
					"$(inherited)",
					"@executable_path/Frameworks",
				);
				PRODUCT_BUNDLE_IDENTIFIER = io.github.infomuscle.Prepare;
				PRODUCT_NAME = "$(TARGET_NAME)";
				SWIFT_VERSION = 5.0;
				TARGETED_DEVICE_FAMILY = "1,2";
			};
			name = Debug;
		};
		B1E9DBED240FCAB0005E07DD /* Release */ = {
			isa = XCBuildConfiguration;
			buildSettings = {
				ASSETCATALOG_COMPILER_APPICON_NAME = AppIcon;
				CODE_SIGN_STYLE = Automatic;
				INFOPLIST_FILE = Prepare/Info.plist;
				LD_RUNPATH_SEARCH_PATHS = (
					"$(inherited)",
					"@executable_path/Frameworks",
				);
				PRODUCT_BUNDLE_IDENTIFIER = io.github.infomuscle.Prepare;
				PRODUCT_NAME = "$(TARGET_NAME)";
				SWIFT_VERSION = 5.0;
				TARGETED_DEVICE_FAMILY = "1,2";
			};
			name = Release;
		};
/* End XCBuildConfiguration section */

/* Begin XCConfigurationList section */
		B1E9DBD2240FCAAF005E07DD /* Build configuration list for PBXProject "Prepare" */ = {
			isa = XCConfigurationList;
			buildConfigurations = (
				B1E9DBE9240FCAB0005E07DD /* Debug */,
				B1E9DBEA240FCAB0005E07DD /* Release */,
			);
			defaultConfigurationIsVisible = 0;
			defaultConfigurationName = Release;
		};
		B1E9DBEB240FCAB0005E07DD /* Build configuration list for PBXNativeTarget "Prepare" */ = {
			isa = XCConfigurationList;
			buildConfigurations = (
				B1E9DBEC240FCAB0005E07DD /* Debug */,
				B1E9DBED240FCAB0005E07DD /* Release */,
			);
			defaultConfigurationIsVisible = 0;
			defaultConfigurationName = Release;
		};
/* End XCConfigurationList section */
	};
	rootObject = B1E9DBCF240FCAAF005E07DD /* Project object */;
}
